
Microsoft Visual Studio Solution File, Format Version 12.00
# Visual Studio Version 17
VisualStudioVersion = 17.6.33829.357
MinimumVisualStudioVersion = 10.0.40219.1
Project("{FAE04EC0-301F-11D3-BF4B-00C04F79EFBC}") = "Meetings", "Meetings.csproj", "{266838FF-5E96-448C-AC66-2205F642D13F}"
EndProject
Global
	GlobalSection(SolutionConfigurationPlatforms) = preSolution
		Debug|Any CPU = Debug|Any CPU
		Release|Any CPU = Release|Any CPU
	EndGlobalSection
	GlobalSection(ProjectConfigurationPlatforms) = postSolution
		{266838FF-5E96-448C-AC66-2205F642D13F}.Debug|Any CPU.ActiveCfg = Debug|Any CPU
		{266838FF-5E96-448C-AC66-2205F642D13F}.Debug|Any CPU.Build.0 = Debug|Any CPU
		{266838FF-5E96-448C-AC66-2205F642D13F}.Release|Any CPU.ActiveCfg = Release|Any CPU
		{266838FF-5E96-448C-AC66-2205F642D13F}.Release|Any CPU.Build.0 = Release|Any CPU
	EndGlobalSection
	GlobalSection(SolutionProperties) = preSolution
		HideSolutionNode = FALSE
	EndGlobalSection
	GlobalSection(ExtensibilityGlobals) = postSolution
		SolutionGuid = {5F22AB2D-2E32-4B47-9F3B-315D30E563AE}
	EndGlobalSection
EndGlobal
